
Microsoft Visual Studio Solution File, Format Version 12.00
# Visual Studio Version 16
VisualStudioVersion = 16.0.30611.23
MinimumVisualStudioVersion = 10.0.40219.1
Project("{8BC9CEB8-8B4A-11D0-8D11-00A0C91BC942}") = "Finder", "Finder\Finder.vcxproj", "{285D2899-46DF-4DA9-8083-9D33347BF68D}"
EndProject
Project("{8BC9CEB8-8B4A-11D0-8D11-00A0C91BC942}") = "UnitTest", "UnitTest\UnitTest.vcxproj", "{E0E79B73-243E-4F3A-8500-BAA49BC1E747}"
EndProject
Global
	GlobalSection(SolutionConfigurationPlatforms) = preSolution
		Debug|x64 = Debug|x64
		Debug|x86 = Debug|x86
		Release|x64 = Release|x64
		Release|x86 = Release|x86
	EndGlobalSection
	GlobalSection(ProjectConfigurationPlatforms) = postSolution
		{285D2899-46DF-4DA9-8083-9D33347BF68D}.Debug|x64.ActiveCfg = Debug|x64
		{285D2899-46DF-4DA9-8083-9D33347BF68D}.Debug|x64.Build.0 = Debug|x64
		{285D2899-46DF-4DA9-8083-9D33347BF68D}.Debug|x86.ActiveCfg = Debug|Win32
		{285D2899-46DF-4DA9-8083-9D33347BF68D}.Debug|x86.Build.0 = Debug|Win32
		{285D2899-46DF-4DA9-8083-9D33347BF68D}.Release|x64.ActiveCfg = Release|x64
		{285D2899-46DF-4DA9-8083-9D33347BF68D}.Release|x64.Build.0 = Release|x64
		{285D2899-46DF-4DA9-8083-9D33347BF68D}.Release|x86.ActiveCfg = Release|Win32
		{285D2899-46DF-4DA9-8083-9D33347BF68D}.Release|x86.Build.0 = Release|Win32
		{E0E79B73-243E-4F3A-8500-BAA49BC1E747}.Debug|x64.ActiveCfg = Debug|x64
		{E0E79B73-243E-4F3A-8500-BAA49BC1E747}.Debug|x64.Build.0 = Debug|x64
		{E0E79B73-243E-4F3A-8500-BAA49BC1E747}.Debug|x86.ActiveCfg = Debug|Win32
		{E0E79B73-243E-4F3A-8500-BAA49BC1E747}.Debug|x86.Build.0 = Debug|Win32
		{E0E79B73-243E-4F3A-8500-BAA49BC1E747}.Release|x64.ActiveCfg = Release|x64
		{E0E79B73-243E-4F3A-8500-BAA49BC1E747}.Release|x64.Build.0 = Release|x64
		{E0E79B73-243E-4F3A-8500-BAA49BC1E747}.Release|x86.ActiveCfg = Release|Win32
		{E0E79B73-243E-4F3A-8500-BAA49BC1E747}.Release|x86.Build.0 = Release|Win32
	EndGlobalSection
	GlobalSection(SolutionProperties) = preSolution
		HideSolutionNode = FALSE
	EndGlobalSection
	GlobalSection(ExtensibilityGlobals) = postSolution
		SolutionGuid = {FD4B0FF3-521F-417D-87FB-813515BC4E28}
	EndGlobalSection
EndGlobal
